
Microsoft Visual Studio Solution File, Format Version 12.00
# Visual Studio Version 17
VisualStudioVersion = 17.9.34728.123
MinimumVisualStudioVersion = 10.0.40219.1
Project("{FAE04EC0-301F-11D3-BF4B-00C04F79EFBC}") = "SecureLoginWebsite.Server", "SecureLoginWebsite.Server\SecureLoginWebsite.Server.csproj", "{B61EA36E-AA42-4734-B086-BB5BEA859BC1}"
EndProject
Project("{54A90642-561A-4BB1-A94E-469ADEE60C69}") = "secureloginwebsite.client", "secureloginwebsite.client\secureloginwebsite.client.esproj", "{D1FE4F4F-7E23-453E-8710-C2C342D31E37}"
EndProject
Global
	GlobalSection(SolutionConfigurationPlatforms) = preSolution
		Debug|Any CPU = Debug|Any CPU
		Release|Any CPU = Release|Any CPU
	EndGlobalSection
	GlobalSection(ProjectConfigurationPlatforms) = postSolution
		{B61EA36E-AA42-4734-B086-BB5BEA859BC1}.Debug|Any CPU.ActiveCfg = Debug|Any CPU
		{B61EA36E-AA42-4734-B086-BB5BEA859BC1}.Debug|Any CPU.Build.0 = Debug|Any CPU
		{B61EA36E-AA42-4734-B086-BB5BEA859BC1}.Release|Any CPU.ActiveCfg = Release|Any CPU
		{B61EA36E-AA42-4734-B086-BB5BEA859BC1}.Release|Any CPU.Build.0 = Release|Any CPU
		{D1FE4F4F-7E23-453E-8710-C2C342D31E37}.Debug|Any CPU.ActiveCfg = Debug|Any CPU
		{D1FE4F4F-7E23-453E-8710-C2C342D31E37}.Debug|Any CPU.Build.0 = Debug|Any CPU
		{D1FE4F4F-7E23-453E-8710-C2C342D31E37}.Debug|Any CPU.Deploy.0 = Debug|Any CPU
		{D1FE4F4F-7E23-453E-8710-C2C342D31E37}.Release|Any CPU.ActiveCfg = Release|Any CPU
		{D1FE4F4F-7E23-453E-8710-C2C342D31E37}.Release|Any CPU.Build.0 = Release|Any CPU
		{D1FE4F4F-7E23-453E-8710-C2C342D31E37}.Release|Any CPU.Deploy.0 = Release|Any CPU
	EndGlobalSection
	GlobalSection(SolutionProperties) = preSolution
		HideSolutionNode = FALSE
	EndGlobalSection
	GlobalSection(ExtensibilityGlobals) = postSolution
		SolutionGuid = {21CD304D-3876-4815-971F-15A0EF13EA73}
	EndGlobalSection
EndGlobal
